
Microsoft Visual Studio Solution File, Format Version 12.00
# Visual Studio Version 17
VisualStudioVersion = 17.7.34221.43
MinimumVisualStudioVersion = 10.0.40219.1
Project("{FAE04EC0-301F-11D3-BF4B-00C04F79EFBC}") = "AirlineManagement.Presentation", "AirlineManagement.Presentation\AirlineManagement.Presentation.csproj", "{F4E768D1-3D64-4232-8EA7-27EE362EE643}"
EndProject
Project("{FAE04EC0-301F-11D3-BF4B-00C04F79EFBC}") = "AirlineManagement.Business", "AirlineManagement.Business\AirlineManagement.Business.csproj", "{DD783DF0-788A-41B6-BAC3-7C17E8246E36}"
EndProject
Project("{FAE04EC0-301F-11D3-BF4B-00C04F79EFBC}") = "AirlineManagement.Data", "AirlineManagement.Data\AirlineManagement.Data.csproj", "{45F76F39-DE15-4188-9529-4072A6F76F1B}"
EndProject
Project("{FAE04EC0-301F-11D3-BF4B-00C04F79EFBC}") = "AirlineManagement.Domain", "AirlineManagement.Domain\AirlineManagement.Domain.csproj", "{13259099-EFDA-427B-AF26-9196F0D3C129}"
EndProject
Global
	GlobalSection(SolutionConfigurationPlatforms) = preSolution
		Debug|Any CPU = Debug|Any CPU
		Release|Any CPU = Release|Any CPU
	EndGlobalSection
	GlobalSection(ProjectConfigurationPlatforms) = postSolution
		{F4E768D1-3D64-4232-8EA7-27EE362EE643}.Debug|Any CPU.ActiveCfg = Debug|Any CPU
		{F4E768D1-3D64-4232-8EA7-27EE362EE643}.Debug|Any CPU.Build.0 = Debug|Any CPU
		{F4E768D1-3D64-4232-8EA7-27EE362EE643}.Release|Any CPU.ActiveCfg = Release|Any CPU
		{F4E768D1-3D64-4232-8EA7-27EE362EE643}.Release|Any CPU.Build.0 = Release|Any CPU
		{DD783DF0-788A-41B6-BAC3-7C17E8246E36}.Debug|Any CPU.ActiveCfg = Debug|Any CPU
		{DD783DF0-788A-41B6-BAC3-7C17E8246E36}.Debug|Any CPU.Build.0 = Debug|Any CPU
		{DD783DF0-788A-41B6-BAC3-7C17E8246E36}.Release|Any CPU.ActiveCfg = Release|Any CPU
		{DD783DF0-788A-41B6-BAC3-7C17E8246E36}.Release|Any CPU.Build.0 = Release|Any CPU
		{45F76F39-DE15-4188-9529-4072A6F76F1B}.Debug|Any CPU.ActiveCfg = Debug|Any CPU
		{45F76F39-DE15-4188-9529-4072A6F76F1B}.Debug|Any CPU.Build.0 = Debug|Any CPU
		{45F76F39-DE15-4188-9529-4072A6F76F1B}.Release|Any CPU.ActiveCfg = Release|Any CPU
		{45F76F39-DE15-4188-9529-4072A6F76F1B}.Release|Any CPU.Build.0 = Release|Any CPU
		{13259099-EFDA-427B-AF26-9196F0D3C129}.Debug|Any CPU.ActiveCfg = Debug|Any CPU
		{13259099-EFDA-427B-AF26-9196F0D3C129}.Debug|Any CPU.Build.0 = Debug|Any CPU
		{13259099-EFDA-427B-AF26-9196F0D3C129}.Release|Any CPU.ActiveCfg = Release|Any CPU
		{13259099-EFDA-427B-AF26-9196F0D3C129}.Release|Any CPU.Build.0 = Release|Any CPU
	EndGlobalSection
	GlobalSection(SolutionProperties) = preSolution
		HideSolutionNode = FALSE
	EndGlobalSection
	GlobalSection(ExtensibilityGlobals) = postSolution
		SolutionGuid = {D3A225BF-F7D2-4D0E-8530-7819E9DF74D2}
	EndGlobalSection
EndGlobal
